
Microsoft Visual Studio Solution File, Format Version 12.00
# Visual Studio Version 16
VisualStudioVersion = 16.0.29326.143
MinimumVisualStudioVersion = 10.0.40219.1
Project("{FAE04EC0-301F-11D3-BF4B-00C04F79EFBC}") = "LabTransacciones", "LabTransacciones.csproj", "{D7C9489E-C11A-412B-AD38-CD0927E11CC6}"
EndProject
Global
	GlobalSection(SolutionConfigurationPlatforms) = preSolution
		Debug|Any CPU = Debug|Any CPU
		Release|Any CPU = Release|Any CPU
	EndGlobalSection
	GlobalSection(ProjectConfigurationPlatforms) = postSolution
		{D7C9489E-C11A-412B-AD38-CD0927E11CC6}.Debug|Any CPU.ActiveCfg = Debug|Any CPU
		{D7C9489E-C11A-412B-AD38-CD0927E11CC6}.Debug|Any CPU.Build.0 = Debug|Any CPU
		{D7C9489E-C11A-412B-AD38-CD0927E11CC6}.Release|Any CPU.ActiveCfg = Release|Any CPU
		{D7C9489E-C11A-412B-AD38-CD0927E11CC6}.Release|Any CPU.Build.0 = Release|Any CPU
	EndGlobalSection
	GlobalSection(SolutionProperties) = preSolution
		HideSolutionNode = FALSE
	EndGlobalSection
	GlobalSection(ExtensibilityGlobals) = postSolution
		SolutionGuid = {E7D29DCB-077B-4B20-BF80-60C491590AD8}
	EndGlobalSection
EndGlobal
